
Microsoft Visual Studio Solution File, Format Version 12.00
# Visual Studio 2013
VisualStudioVersion = 12.0.21005.1
MinimumVisualStudioVersion = 10.0.40219.1
Project("{FAE04EC0-301F-11D3-BF4B-00C04F79EFBC}") = "Problem01. SquareRoot", "Problem01. SquareRoot\Problem01. SquareRoot.csproj", "{89823E57-7690-465B-A3D8-EB7D1F46A944}"
EndProject
Project("{FAE04EC0-301F-11D3-BF4B-00C04F79EFBC}") = "Problem02. EnterNumbers", "Problem02. EnterNumbers\Problem02. EnterNumbers.csproj", "{CE976DB2-88DE-4822-94AA-C59B4DAEBEE2}"
EndProject
Project("{FAE04EC0-301F-11D3-BF4B-00C04F79EFBC}") = "Problem03. ReadFileContents", "ReadFileContents\Problem03. ReadFileContents.csproj", "{97136A72-0320-4F17-BB75-177A2071E2AF}"
EndProject
Project("{FAE04EC0-301F-11D3-BF4B-00C04F79EFBC}") = "Problem04. DownloadFile", "Problem04. DownloadFile\Problem04. DownloadFile.csproj", "{7EA5EB76-AC50-4EF9-9530-C97540060000}"
EndProject
Global
	GlobalSection(SolutionConfigurationPlatforms) = preSolution
		Debug|Any CPU = Debug|Any CPU
		Release|Any CPU = Release|Any CPU
	EndGlobalSection
	GlobalSection(ProjectConfigurationPlatforms) = postSolution
		{89823E57-7690-465B-A3D8-EB7D1F46A944}.Debug|Any CPU.ActiveCfg = Debug|Any CPU
		{89823E57-7690-465B-A3D8-EB7D1F46A944}.Debug|Any CPU.Build.0 = Debug|Any CPU
		{89823E57-7690-465B-A3D8-EB7D1F46A944}.Release|Any CPU.ActiveCfg = Release|Any CPU
		{89823E57-7690-465B-A3D8-EB7D1F46A944}.Release|Any CPU.Build.0 = Release|Any CPU
		{CE976DB2-88DE-4822-94AA-C59B4DAEBEE2}.Debug|Any CPU.ActiveCfg = Debug|Any CPU
		{CE976DB2-88DE-4822-94AA-C59B4DAEBEE2}.Debug|Any CPU.Build.0 = Debug|Any CPU
		{CE976DB2-88DE-4822-94AA-C59B4DAEBEE2}.Release|Any CPU.ActiveCfg = Release|Any CPU
		{CE976DB2-88DE-4822-94AA-C59B4DAEBEE2}.Release|Any CPU.Build.0 = Release|Any CPU
		{97136A72-0320-4F17-BB75-177A2071E2AF}.Debug|Any CPU.ActiveCfg = Debug|Any CPU
		{97136A72-0320-4F17-BB75-177A2071E2AF}.Debug|Any CPU.Build.0 = Debug|Any CPU
		{97136A72-0320-4F17-BB75-177A2071E2AF}.Release|Any CPU.ActiveCfg = Release|Any CPU
		{97136A72-0320-4F17-BB75-177A2071E2AF}.Release|Any CPU.Build.0 = Release|Any CPU
		{7EA5EB76-AC50-4EF9-9530-C97540060000}.Debug|Any CPU.ActiveCfg = Debug|Any CPU
		{7EA5EB76-AC50-4EF9-9530-C97540060000}.Debug|Any CPU.Build.0 = Debug|Any CPU
		{7EA5EB76-AC50-4EF9-9530-C97540060000}.Release|Any CPU.ActiveCfg = Release|Any CPU
		{7EA5EB76-AC50-4EF9-9530-C97540060000}.Release|Any CPU.Build.0 = Release|Any CPU
	EndGlobalSection
	GlobalSection(SolutionProperties) = preSolution
		HideSolutionNode = FALSE
	EndGlobalSection
EndGlobal
